
Microsoft Visual Studio Solution File, Format Version 12.00
# Visual Studio Version 17
VisualStudioVersion = 17.13.35919.96
MinimumVisualStudioVersion = 10.0.40219.1
Project("{FAE04EC0-301F-11D3-BF4B-00C04F79EFBC}") = "BookExchange.Domain", "BookExchange.Domain\BookExchange.Domain.csproj", "{EF551CF0-8A90-4383-8A51-7BDE38242316}"
EndProject
Project("{FAE04EC0-301F-11D3-BF4B-00C04F79EFBC}") = "BookExchange.Infrastructure", "BookExchange.Infrastructure\BookExchange.Infrastructure.csproj", "{B61AC87C-35A3-4FF1-80C6-D6D4233C0D78}"
EndProject
Project("{FAE04EC0-301F-11D3-BF4B-00C04F79EFBC}") = "BookExchange.Application", "BookExchange.Application\BookExchange.Application.csproj", "{1753E8E2-2041-4B88-8F97-FEDA62C54161}"
EndProject
Global
	GlobalSection(SolutionConfigurationPlatforms) = preSolution
		Debug|Any CPU = Debug|Any CPU
		Release|Any CPU = Release|Any CPU
	EndGlobalSection
	GlobalSection(ProjectConfigurationPlatforms) = postSolution
		{EF551CF0-8A90-4383-8A51-7BDE38242316}.Debug|Any CPU.ActiveCfg = Debug|Any CPU
		{EF551CF0-8A90-4383-8A51-7BDE38242316}.Debug|Any CPU.Build.0 = Debug|Any CPU
		{EF551CF0-8A90-4383-8A51-7BDE38242316}.Release|Any CPU.ActiveCfg = Release|Any CPU
		{EF551CF0-8A90-4383-8A51-7BDE38242316}.Release|Any CPU.Build.0 = Release|Any CPU
		{B61AC87C-35A3-4FF1-80C6-D6D4233C0D78}.Debug|Any CPU.ActiveCfg = Debug|Any CPU
		{B61AC87C-35A3-4FF1-80C6-D6D4233C0D78}.Debug|Any CPU.Build.0 = Debug|Any CPU
		{B61AC87C-35A3-4FF1-80C6-D6D4233C0D78}.Release|Any CPU.ActiveCfg = Release|Any CPU
		{B61AC87C-35A3-4FF1-80C6-D6D4233C0D78}.Release|Any CPU.Build.0 = Release|Any CPU
		{1753E8E2-2041-4B88-8F97-FEDA62C54161}.Debug|Any CPU.ActiveCfg = Debug|Any CPU
		{1753E8E2-2041-4B88-8F97-FEDA62C54161}.Debug|Any CPU.Build.0 = Debug|Any CPU
		{1753E8E2-2041-4B88-8F97-FEDA62C54161}.Release|Any CPU.ActiveCfg = Release|Any CPU
		{1753E8E2-2041-4B88-8F97-FEDA62C54161}.Release|Any CPU.Build.0 = Release|Any CPU
	EndGlobalSection
	GlobalSection(SolutionProperties) = preSolution
		HideSolutionNode = FALSE
	EndGlobalSection
	GlobalSection(ExtensibilityGlobals) = postSolution
		SolutionGuid = {ACD4216D-C1B4-4451-A127-17C2C9997CAB}
	EndGlobalSection
EndGlobal
